
Microsoft Visual Studio Solution File, Format Version 12.00
# Visual Studio Version 16
VisualStudioVersion = 16.0.30523.141
MinimumVisualStudioVersion = 10.0.40219.1
Project("{9A19103F-16F7-4668-BE54-9A1E7A4F7556}") = "CheckoutPaymentAPI", "API\CheckoutPaymentAPI\CheckoutPaymentAPI.csproj", "{FF1EB2C9-79DD-4166-A200-A4DF7521B9A8}"
EndProject
Project("{9A19103F-16F7-4668-BE54-9A1E7A4F7556}") = "CheckoutPaymentAPI.Tests.API.Unit", "Tests\CheckoutPaymentAPI.Tests.API.Unit\CheckoutPaymentAPI.Tests.API.Unit.csproj", "{7BF67BC8-5EF7-4C8C-BEBC-4CC36AB5D7CF}"
EndProject
Project("{9A19103F-16F7-4668-BE54-9A1E7A4F7556}") = "CheckoutPaymentAPI.Persistence", "API\CheckoutPaymentAPI.Persistence\CheckoutPaymentAPI.Persistence.csproj", "{65E29BAB-FABF-41F6-9245-C06566947B10}"
EndProject
Project("{9A19103F-16F7-4668-BE54-9A1E7A4F7556}") = "CheckoutPaymentAPI.Tests.API.Integration", "Tests\CheckoutPaymentAPI.Tests.API.Integration\CheckoutPaymentAPI.Tests.API.Integration.csproj", "{7853FAC5-BA90-46BE-A317-400F7B5BC36A}"
EndProject
Project("{9A19103F-16F7-4668-BE54-9A1E7A4F7556}") = "CheckoutPaymentAPI.Tests.Core", "Tests\CheckoutPaymentAPI.Tests.Core\CheckoutPaymentAPI.Tests.Core.csproj", "{D25EDE4B-7617-4996-9269-0DA65F0B3675}"
EndProject
Project("{2150E333-8FDC-42A3-9474-1A3956D46DE8}") = "Tests", "Tests", "{E1200726-547F-44E4-983C-BC8C29B91B0E}"
EndProject
Project("{2150E333-8FDC-42A3-9474-1A3956D46DE8}") = "API", "API", "{FBFA262F-6532-4E73-AC9C-A0A3BDB9C34C}"
EndProject
Project("{2150E333-8FDC-42A3-9474-1A3956D46DE8}") = "Client", "Client", "{B9EDA7E4-1F74-47DB-9E3E-4E05E6F4FE3C}"
EndProject
Project("{9A19103F-16F7-4668-BE54-9A1E7A4F7556}") = "CheckoutPaymentAPI.Client", "Client\CheckoutPaymentAPI.Client\CheckoutPaymentAPI.Client.csproj", "{EBBC772A-2D2F-4C97-B7F2-C967782FFE23}"
EndProject
Project("{9A19103F-16F7-4668-BE54-9A1E7A4F7556}") = "CheckoutPaymentAPI.Tests.Client", "Tests\CheckoutPaymentAPI.Tests.Client\CheckoutPaymentAPI.Tests.Client.csproj", "{15F559FD-399F-4884-8307-811C77950FBF}"
EndProject
Project("{9A19103F-16F7-4668-BE54-9A1E7A4F7556}") = "CheckoutPaymentAPI.Core", "API\CheckoutPaymentAPI.Core\CheckoutPaymentAPI.Core.csproj", "{09435BDE-7511-4C45-A2C4-175CA975F3F2}"
EndProject
Project("{9A19103F-16F7-4668-BE54-9A1E7A4F7556}") = "CheckoutPaymentAPI.Application", "API\CheckoutPaymentAPI.Application\CheckoutPaymentAPI.Application.csproj", "{E4A08016-FBFB-4717-85BF-CD56EA9CC77F}"
EndProject
Project("{9A19103F-16F7-4668-BE54-9A1E7A4F7556}") = "CheckoutPaymentAPI.Models", "API\CheckoutPaymentAPI.Models\CheckoutPaymentAPI.Models.csproj", "{98C01FB1-850F-41E7-B35A-8131AEBA70C9}"
EndProject
Global
	GlobalSection(SolutionConfigurationPlatforms) = preSolution
		Debug|Any CPU = Debug|Any CPU
		Release|Any CPU = Release|Any CPU
	EndGlobalSection
	GlobalSection(ProjectConfigurationPlatforms) = postSolution
		{FF1EB2C9-79DD-4166-A200-A4DF7521B9A8}.Debug|Any CPU.ActiveCfg = Debug|Any CPU
		{FF1EB2C9-79DD-4166-A200-A4DF7521B9A8}.Debug|Any CPU.Build.0 = Debug|Any CPU
		{FF1EB2C9-79DD-4166-A200-A4DF7521B9A8}.Release|Any CPU.ActiveCfg = Release|Any CPU
		{FF1EB2C9-79DD-4166-A200-A4DF7521B9A8}.Release|Any CPU.Build.0 = Release|Any CPU
		{7BF67BC8-5EF7-4C8C-BEBC-4CC36AB5D7CF}.Debug|Any CPU.ActiveCfg = Debug|Any CPU
		{7BF67BC8-5EF7-4C8C-BEBC-4CC36AB5D7CF}.Debug|Any CPU.Build.0 = Debug|Any CPU
		{7BF67BC8-5EF7-4C8C-BEBC-4CC36AB5D7CF}.Release|Any CPU.ActiveCfg = Release|Any CPU
		{7BF67BC8-5EF7-4C8C-BEBC-4CC36AB5D7CF}.Release|Any CPU.Build.0 = Release|Any CPU
		{65E29BAB-FABF-41F6-9245-C06566947B10}.Debug|Any CPU.ActiveCfg = Debug|Any CPU
		{65E29BAB-FABF-41F6-9245-C06566947B10}.Debug|Any CPU.Build.0 = Debug|Any CPU
		{65E29BAB-FABF-41F6-9245-C06566947B10}.Release|Any CPU.ActiveCfg = Release|Any CPU
		{65E29BAB-FABF-41F6-9245-C06566947B10}.Release|Any CPU.Build.0 = Release|Any CPU
		{7853FAC5-BA90-46BE-A317-400F7B5BC36A}.Debug|Any CPU.ActiveCfg = Debug|Any CPU
		{7853FAC5-BA90-46BE-A317-400F7B5BC36A}.Debug|Any CPU.Build.0 = Debug|Any CPU
		{7853FAC5-BA90-46BE-A317-400F7B5BC36A}.Release|Any CPU.ActiveCfg = Release|Any CPU
		{7853FAC5-BA90-46BE-A317-400F7B5BC36A}.Release|Any CPU.Build.0 = Release|Any CPU
		{D25EDE4B-7617-4996-9269-0DA65F0B3675}.Debug|Any CPU.ActiveCfg = Debug|Any CPU
		{D25EDE4B-7617-4996-9269-0DA65F0B3675}.Debug|Any CPU.Build.0 = Debug|Any CPU
		{D25EDE4B-7617-4996-9269-0DA65F0B3675}.Release|Any CPU.ActiveCfg = Release|Any CPU
		{D25EDE4B-7617-4996-9269-0DA65F0B3675}.Release|Any CPU.Build.0 = Release|Any CPU
		{EBBC772A-2D2F-4C97-B7F2-C967782FFE23}.Debug|Any CPU.ActiveCfg = Debug|Any CPU
		{EBBC772A-2D2F-4C97-B7F2-C967782FFE23}.Debug|Any CPU.Build.0 = Debug|Any CPU
		{EBBC772A-2D2F-4C97-B7F2-C967782FFE23}.Release|Any CPU.ActiveCfg = Release|Any CPU
		{EBBC772A-2D2F-4C97-B7F2-C967782FFE23}.Release|Any CPU.Build.0 = Release|Any CPU
		{15F559FD-399F-4884-8307-811C77950FBF}.Debug|Any CPU.ActiveCfg = Debug|Any CPU
		{15F559FD-399F-4884-8307-811C77950FBF}.Debug|Any CPU.Build.0 = Debug|Any CPU
		{15F559FD-399F-4884-8307-811C77950FBF}.Release|Any CPU.ActiveCfg = Release|Any CPU
		{15F559FD-399F-4884-8307-811C77950FBF}.Release|Any CPU.Build.0 = Release|Any CPU
		{09435BDE-7511-4C45-A2C4-175CA975F3F2}.Debug|Any CPU.ActiveCfg = Debug|Any CPU
		{09435BDE-7511-4C45-A2C4-175CA975F3F2}.Debug|Any CPU.Build.0 = Debug|Any CPU
		{09435BDE-7511-4C45-A2C4-175CA975F3F2}.Release|Any CPU.ActiveCfg = Release|Any CPU
		{09435BDE-7511-4C45-A2C4-175CA975F3F2}.Release|Any CPU.Build.0 = Release|Any CPU
		{E4A08016-FBFB-4717-85BF-CD56EA9CC77F}.Debug|Any CPU.ActiveCfg = Debug|Any CPU
		{E4A08016-FBFB-4717-85BF-CD56EA9CC77F}.Debug|Any CPU.Build.0 = Debug|Any CPU
		{E4A08016-FBFB-4717-85BF-CD56EA9CC77F}.Release|Any CPU.ActiveCfg = Release|Any CPU
		{E4A08016-FBFB-4717-85BF-CD56EA9CC77F}.Release|Any CPU.Build.0 = Release|Any CPU
		{98C01FB1-850F-41E7-B35A-8131AEBA70C9}.Debug|Any CPU.ActiveCfg = Debug|Any CPU
		{98C01FB1-850F-41E7-B35A-8131AEBA70C9}.Debug|Any CPU.Build.0 = Debug|Any CPU
		{98C01FB1-850F-41E7-B35A-8131AEBA70C9}.Release|Any CPU.ActiveCfg = Release|Any CPU
		{98C01FB1-850F-41E7-B35A-8131AEBA70C9}.Release|Any CPU.Build.0 = Release|Any CPU
	EndGlobalSection
	GlobalSection(SolutionProperties) = preSolution
		HideSolutionNode = FALSE
	EndGlobalSection
	GlobalSection(NestedProjects) = preSolution
		{FF1EB2C9-79DD-4166-A200-A4DF7521B9A8} = {FBFA262F-6532-4E73-AC9C-A0A3BDB9C34C}
		{7BF67BC8-5EF7-4C8C-BEBC-4CC36AB5D7CF} = {E1200726-547F-44E4-983C-BC8C29B91B0E}
		{65E29BAB-FABF-41F6-9245-C06566947B10} = {FBFA262F-6532-4E73-AC9C-A0A3BDB9C34C}
		{7853FAC5-BA90-46BE-A317-400F7B5BC36A} = {E1200726-547F-44E4-983C-BC8C29B91B0E}
		{D25EDE4B-7617-4996-9269-0DA65F0B3675} = {E1200726-547F-44E4-983C-BC8C29B91B0E}
		{EBBC772A-2D2F-4C97-B7F2-C967782FFE23} = {B9EDA7E4-1F74-47DB-9E3E-4E05E6F4FE3C}
		{15F559FD-399F-4884-8307-811C77950FBF} = {E1200726-547F-44E4-983C-BC8C29B91B0E}
		{09435BDE-7511-4C45-A2C4-175CA975F3F2} = {FBFA262F-6532-4E73-AC9C-A0A3BDB9C34C}
		{E4A08016-FBFB-4717-85BF-CD56EA9CC77F} = {FBFA262F-6532-4E73-AC9C-A0A3BDB9C34C}
		{98C01FB1-850F-41E7-B35A-8131AEBA70C9} = {FBFA262F-6532-4E73-AC9C-A0A3BDB9C34C}
	EndGlobalSection
	GlobalSection(ExtensibilityGlobals) = postSolution
		SolutionGuid = {9F38764D-D0F5-4DEE-AB8C-9DF716FC85DF}
	EndGlobalSection
EndGlobal
